<?xml version="1.0" encoding="utf-8"?>
<Project ToolsVersion="4.0" xmlns="http://schemas.microsoft.com/developer/msbuild/2003">
  <ItemGroup>
    <Filter Include="Source Files">
      <UniqueIdentifier>{CC3CE37F-712A-4559-A698-F2BB0FD4818D}</UniqueIdentifier>
      <Extensions>cpp;c;cc;cxx;def;odl;idl;hpj;bat;asm;asmx</Extensions>
    </Filter>
  </ItemGroup>
  <ItemGroup>
    <ClCompile Include="src\base\App.cpp">
      <Filter>Source Files</Filter>
    </ClCompile>
    <ClCompile Include="src\base\Md5.c">
      <Filter>Source Files</Filter>
    </ClCompile>
    <ClCompile Include="src\base\RayTracer.cpp">
      <Filter>Source Files</Filter>
    </ClCompile>
    <ClCompile Include="src\base\Renderer.cpp">
      <Filter>Source Files</Filter>
    </ClCompile>
    <ClCompile Include="src\base\Bvh.cpp">
      <Filter>Source Files</Filter>
    </ClCompile>
    <ClCompile Include="src\base\Hit.cpp">
      <Filter>Source Files</Filter>
    </ClCompile>
    <ClCompile Include="src\base\RTTriangle.cpp">
      <Filter>Source Files</Filter>
    </ClCompile>
  </ItemGroup>
  <ItemGroup>
    <ClInclude Include="src\base\App.hpp">
      <Filter>Source Files</Filter>
    </ClInclude>
    <ClInclude Include="src\base\RayTracer.hpp">
      <Filter>Source Files</Filter>
    </ClInclude>
    <ClInclude Include="src\base\Renderer.hpp">
      <Filter>Source Files</Filter>
    </ClInclude>
    <ClInclude Include="src\base\TLSVariable.h">
      <Filter>Source Files</Filter>
    </ClInclude>
    <ClInclude Include="src\base\Bvh.hpp">
      <Filter>Source Files</Filter>
    </ClInclude>
    <ClInclude Include="src\base\Hit.hpp">
      <Filter>Source Files</Filter>
    </ClInclude>
    <ClInclude Include="src\base\RTTriangle.hpp">
      <Filter>Source Files</Filter>
    </ClInclude>
  </ItemGroup>
  <ItemGroup>
    <None Include="src\base\rtIntersect.inl">
      <Filter>Source Files</Filter>
    </None>
  </ItemGroup>
</Project>